<?xml version="1.0" encoding="utf-8"?>
<Project ToolsVersion="4.0" xmlns="http://schemas.microsoft.com/developer/msbuild/2003">
  <ItemGroup>
    <ClCompile Include="main.cpp">
      <Filter>Source Files</Filter>
    </ClCompile>
    <ClCompile Include="manager.cpp">
      <Filter>Source Files</Filter>
    </ClCompile>
    <ClCompile Include="main_menu.cpp">
      <Filter>Source Files</Filter>
    </ClCompile>
    <ClCompile Include="view_menu.cpp">
      <Filter>Source Files</Filter>
    </ClCompile>
    <ClCompile Include="edit_menu.cpp">
      <Filter>Source Files</Filter>
    </ClCompile>
    <ClCompile Include="events.cpp">
      <Filter>Source Files</Filter>
    </ClCompile>
  </ItemGroup>
  <ItemGroup>
    <Filter Include="Header Files">
      <UniqueIdentifier>{ce8be555-31dd-430b-8c9d-9c71bdb11dfb}</UniqueIdentifier>
    </Filter>
    <Filter Include="Source Files">
      <UniqueIdentifier>{5b1bdc16-4a16-4f5d-872f-d6da230137f4}</UniqueIdentifier>
    </Filter>
  </ItemGroup>
  <ItemGroup>
    <ClInclude Include="manager.h">
      <Filter>Header Files</Filter>
    </ClInclude>
    <ClInclude Include="menus.h">
      <Filter>Header Files</Filter>
    </ClInclude>
    <ClInclude Include="events.h">
      <Filter>Header Files</Filter>
    </ClInclude>
  </ItemGroup>
</Project>